
Microsoft Visual Studio Solution File, Format Version 12.00
# Visual Studio 15
VisualStudioVersion = 15.0.26430.14
MinimumVisualStudioVersion = 10.0.40219.1
Project("{9092AA53-FB77-4645-B42D-1CCCA6BD08BD}") = "canvas-renderer", "canvas-renderer.njsproj", "{163643DD-BAA3-4437-97D2-B79A6568C634}"
EndProject
Global
	GlobalSection(SolutionConfigurationPlatforms) = preSolution
		Debug|Any CPU = Debug|Any CPU
		Release|Any CPU = Release|Any CPU
	EndGlobalSection
	GlobalSection(ProjectConfigurationPlatforms) = postSolution
		{163643DD-BAA3-4437-97D2-B79A6568C634}.Debug|Any CPU.ActiveCfg = Debug|Any CPU
		{163643DD-BAA3-4437-97D2-B79A6568C634}.Debug|Any CPU.Build.0 = Debug|Any CPU
		{163643DD-BAA3-4437-97D2-B79A6568C634}.Release|Any CPU.ActiveCfg = Release|Any CPU
		{163643DD-BAA3-4437-97D2-B79A6568C634}.Release|Any CPU.Build.0 = Release|Any CPU
	EndGlobalSection
	GlobalSection(SolutionProperties) = preSolution
		HideSolutionNode = FALSE
	EndGlobalSection
EndGlobal
